
Microsoft Visual Studio Solution File, Format Version 12.00
# Visual Studio 15
VisualStudioVersion = 15.0.27703.2047
MinimumVisualStudioVersion = 10.0.40219.1
Project("{9092AA53-FB77-4645-B42D-1CCCA6BD08BD}") = "WeatherMap", "WeatherMap.njsproj", "{CEDDD919-8BDA-4462-8EB1-E583F1A85016}"
EndProject
Global
	GlobalSection(SolutionConfigurationPlatforms) = preSolution
		Debug|Any CPU = Debug|Any CPU
		Release|Any CPU = Release|Any CPU
	EndGlobalSection
	GlobalSection(ProjectConfigurationPlatforms) = postSolution
		{CEDDD919-8BDA-4462-8EB1-E583F1A85016}.Debug|Any CPU.ActiveCfg = Debug|Any CPU
		{CEDDD919-8BDA-4462-8EB1-E583F1A85016}.Debug|Any CPU.Build.0 = Debug|Any CPU
		{CEDDD919-8BDA-4462-8EB1-E583F1A85016}.Release|Any CPU.ActiveCfg = Release|Any CPU
		{CEDDD919-8BDA-4462-8EB1-E583F1A85016}.Release|Any CPU.Build.0 = Release|Any CPU
	EndGlobalSection
	GlobalSection(SolutionProperties) = preSolution
		HideSolutionNode = FALSE
	EndGlobalSection
	GlobalSection(ExtensibilityGlobals) = postSolution
		SolutionGuid = {ECCFC557-160F-4EA6-8F98-941533CC3C20}
	EndGlobalSection
EndGlobal
